
Microsoft Visual Studio Solution File, Format Version 12.00
# Visual Studio 15
VisualStudioVersion = 15.0.27703.2035
MinimumVisualStudioVersion = 10.0.40219.1
Project("{FAE04EC0-301F-11D3-BF4B-00C04F79EFBC}") = "NeuralNetworkAiming", "NeuralNetworkAiming\NeuralNetworkAiming.csproj", "{47732582-78AA-4705-A2E2-58857C45EB07}"
EndProject
Global
	GlobalSection(SolutionConfigurationPlatforms) = preSolution
		Debug|Any CPU = Debug|Any CPU
		Release|Any CPU = Release|Any CPU
	EndGlobalSection
	GlobalSection(ProjectConfigurationPlatforms) = postSolution
		{47732582-78AA-4705-A2E2-58857C45EB07}.Debug|Any CPU.ActiveCfg = Debug|Any CPU
		{47732582-78AA-4705-A2E2-58857C45EB07}.Debug|Any CPU.Build.0 = Debug|Any CPU
		{47732582-78AA-4705-A2E2-58857C45EB07}.Release|Any CPU.ActiveCfg = Release|Any CPU
		{47732582-78AA-4705-A2E2-58857C45EB07}.Release|Any CPU.Build.0 = Release|Any CPU
	EndGlobalSection
	GlobalSection(SolutionProperties) = preSolution
		HideSolutionNode = FALSE
	EndGlobalSection
	GlobalSection(ExtensibilityGlobals) = postSolution
		SolutionGuid = {8CC46236-D6AF-4CB1-9E13-9C479C1E9330}
	EndGlobalSection
EndGlobal
